{
  "nodes": {
    "nixpkgs": {
      "locked": {
        "lastModified": 1755471983,
        "narHash": "sha256-axUoWcm4cNQ36jOlnkD9D40LTfSQgk8ExfHSRm3rTtg=",
        "owner": "NixOS",
        "repo": "nixpkgs",
        "rev": "48f4c982de68d966421d2b6f1ddbeb6227cc5ceb",
        "type": "github"
      },
      "original": {
        "owner": "NixOS",
        "ref": "nixos-25.05",
        "repo": "nixpkgs",
        "type": "github"
      }
    },
    "quickshell": {
      "inputs": {
        "nixpkgs": [
          "nixpkgs"
        ]
      },
      "locked": {
        "lastModified": 1753595452,
        "narHash": "sha256-vqkSDvh7hWhPvNjMjEDV4KbSCv2jyl2Arh73ZXe274k=",
        "owner": "quickshell-mirror",
        "repo": "quickshell",
        "rev": "a5431dd02dc23d9ef1680e67777fed00fe5f7cda",
        "type": "github"
      },
      "original": {
        "owner": "quickshell-mirror",
        "repo": "quickshell",
        "type": "github"
      }
    },
    "root": {
      "inputs": {
        "nixpkgs": "nixpkgs",
        "quickshell": "quickshell"
      }
    }
  },
  "root": "root",
  "version": 7
}
